
Microsoft Visual Studio Solution File, Format Version 12.00
# Blend for Visual Studio Version 16
VisualStudioVersion = 16.0.34031.81
MinimumVisualStudioVersion = 10.0.40219.1
Project("{FAE04EC0-301F-11D3-BF4B-00C04F79EFBC}") = "屏上时钟", "屏上时钟.csproj", "{7B0F91B2-6FA9-4F7D-98E0-E36B49B85CB2}"
EndProject
Global
	GlobalSection(SolutionConfigurationPlatforms) = preSolution
		Debug|Any CPU = Debug|Any CPU
		Release|Any CPU = Release|Any CPU
	EndGlobalSection
	GlobalSection(ProjectConfigurationPlatforms) = postSolution
		{7B0F91B2-6FA9-4F7D-98E0-E36B49B85CB2}.Debug|Any CPU.ActiveCfg = Debug|Any CPU
		{7B0F91B2-6FA9-4F7D-98E0-E36B49B85CB2}.Debug|Any CPU.Build.0 = Debug|Any CPU
		{7B0F91B2-6FA9-4F7D-98E0-E36B49B85CB2}.Release|Any CPU.ActiveCfg = Release|Any CPU
		{7B0F91B2-6FA9-4F7D-98E0-E36B49B85CB2}.Release|Any CPU.Build.0 = Release|Any CPU
	EndGlobalSection
	GlobalSection(SolutionProperties) = preSolution
		HideSolutionNode = FALSE
	EndGlobalSection
	GlobalSection(ExtensibilityGlobals) = postSolution
		SolutionGuid = {CE73E41D-0616-4D3A-9DE9-3BE8BAB9D030}
	EndGlobalSection
EndGlobal
